github.com/go-rod/rod v0.106.6 h1:zJorVPG7s8Xgbh7PkSySP4FNoo0OiougKaMb3j6zT6w=
github.com/go-rod/rod v0.106.6/go.mod h1:xkZOchuKqTOkMOBkrzb7uJpbKZRab1haPCWDvuZkS2U=
github.com/joho/godotenv v1.4.0 h1:3l4+N6zfMWnkbPEXKng2o2/MR5mSwTrBih4ZEkkz1lg=
github.com/joho/godotenv v1.4.0/go.mod h1:f4LDr5Voq0i2e/R5DDNOoa2zzDfwtkZa6DnEwAbqwq4=
github.com/jordan-wright/email v4.0.1-0.20210109023952-943e75fe5223+incompatible h1:jdpOPRN1zP63Td1hDQbZW73xKmzDvZHzVdNYxhnTMDA=
github.com/jordan-wright/email v4.0.1-0.20210109023952-943e75fe5223+incompatible/go.mod h1:1c7szIrayyPPB/987hsnvNzLushdWf4o/79s3P08L8A=
github.com/ysmood/goob v0.4.0 h1:HsxXhyLBeGzWXnqVKtmT9qM7EuVs/XOgkX7T6r1o1AQ=
github.com/ysmood/goob v0.4.0/go.mod h1:u6yx7ZhS4Exf2MwciFr6nIM8knHQIE22lFpWHnfql18=
github.com/ysmood/got v0.29.1 h1:7TNTm3Bw5kdBGXFp04qnZ9DqlZ1XS1z1JdeobeJY6Mo=
github.com/ysmood/got v0.29.1/go.mod h1:pE1l4LOwOBhQg6A/8IAatkGp7uZjnalzrZolnlhhMgY=
github.com/ysmood/gotrace v0.6.0 h1:SyI1d4jclswLhg7SWTL6os3L1WOKeNn/ZtzVQF8QmdY=
github.com/ysmood/gotrace v0.6.0/go.mod h1:TzhIG7nHDry5//eYZDYcTzuJLYQIkykJzCRIo4/dzQM=
github.com/ysmood/gson v0.7.1 h1:zKL2MTGtynxdBdlZjyGsvEOZ7dkxaY5TH6QhAbTgz0Q=
github.com/ysmood/gson v0.7.1/go.mod h1:3Kzs5zDl21g5F/BlLTNcuAGAYLKt2lV5G8D1zF3RNmg=
github.com/ysmood/leakless v0.7.0 h1:XCGdaPExyoreoQd+H5qgxM3ReNbSPFsEXpSKwbXbwQw=
github.com/ysmood/leakless v0.7.0/go.mod h1:R8iAXPRaG97QJwqxs74RdwzcRHT1SWCGTNqY8q0JvMQ=
